PODS:
  - downloadsfolder (0.0.1):
    - Flutter
  - Flutter (1.0.0)

DEPENDENCIES:
  - downloadsfolder (from `.symlinks/plugins/downloadsfolder/ios`)
  - Flutter (from `Flutter`)

EXTERNAL SOURCES:
  downloadsfolder:
    :path: ".symlinks/plugins/downloadsfolder/ios"
  Flutter:
    :path: Flutter

SPEC CHECKSUMS:
  downloadsfolder: 84af83492bd9ab8c94109ba56fd202d7469d3632
  Flutter: 71a624a5bc0c04062bf19101d501e466baf2fb47

PODFILE CHECKSUM: 3ba3a73b1b12adcf321a227a745625fe0888cc82

COCOAPODS: 1.17.0
